
Microsoft Visual Studio Solution File, Format Version 12.00
# Visual Studio Version 17
VisualStudioVersion = 17.0.31903.59
MinimumVisualStudioVersion = 10.0.40219.1
Project("{FAE04EC0-301F-11D3-BF4B-00C04F79EFBC}") = "Api", "Api\Api.csproj", "{10370A52-F503-4D21-9B8A-5B0946095411}"
EndProject
Project("{FAE04EC0-301F-11D3-BF4B-00C04F79EFBC}") = "Domain", "Domain\Domain.csproj", "{1DDA4A09-8743-4AA8-9744-E9F76CE1BE7F}"
EndProject
Project("{FAE04EC0-301F-11D3-BF4B-00C04F79EFBC}") = "Infrastructure", "Infrastructure\Infrastructure.csproj", "{E419BDAA-9B24-482E-BD3A-0A8938F7BBD0}"
EndProject
Project("{2150E333-8FDC-42A3-9474-1A3956D46DE8}") = "Tests", "Tests", "{7B376269-A3EF-4AE5-8C4F-E64626EBF7F6}"
EndProject
Project("{FAE04EC0-301F-11D3-BF4B-00C04F79EFBC}") = "Domain.Tests", "Tests\Domain.Tests\Domain.Tests.csproj", "{57569426-9C2B-4338-B2ED-E0C5E0B612A9}"
EndProject
Global
	GlobalSection(SolutionConfigurationPlatforms) = preSolution
		Debug|Any CPU = Debug|Any CPU
		Release|Any CPU = Release|Any CPU
	EndGlobalSection
	GlobalSection(SolutionProperties) = preSolution
		HideSolutionNode = FALSE
	EndGlobalSection
	GlobalSection(ProjectConfigurationPlatforms) = postSolution
		{10370A52-F503-4D21-9B8A-5B0946095411}.Debug|Any CPU.ActiveCfg = Debug|Any CPU
		{10370A52-F503-4D21-9B8A-5B0946095411}.Debug|Any CPU.Build.0 = Debug|Any CPU
		{10370A52-F503-4D21-9B8A-5B0946095411}.Release|Any CPU.ActiveCfg = Release|Any CPU
		{10370A52-F503-4D21-9B8A-5B0946095411}.Release|Any CPU.Build.0 = Release|Any CPU
		{1DDA4A09-8743-4AA8-9744-E9F76CE1BE7F}.Debug|Any CPU.ActiveCfg = Debug|Any CPU
		{1DDA4A09-8743-4AA8-9744-E9F76CE1BE7F}.Debug|Any CPU.Build.0 = Debug|Any CPU
		{1DDA4A09-8743-4AA8-9744-E9F76CE1BE7F}.Release|Any CPU.ActiveCfg = Release|Any CPU
		{1DDA4A09-8743-4AA8-9744-E9F76CE1BE7F}.Release|Any CPU.Build.0 = Release|Any CPU
		{E419BDAA-9B24-482E-BD3A-0A8938F7BBD0}.Debug|Any CPU.ActiveCfg = Debug|Any CPU
		{E419BDAA-9B24-482E-BD3A-0A8938F7BBD0}.Debug|Any CPU.Build.0 = Debug|Any CPU
		{E419BDAA-9B24-482E-BD3A-0A8938F7BBD0}.Release|Any CPU.ActiveCfg = Release|Any CPU
		{E419BDAA-9B24-482E-BD3A-0A8938F7BBD0}.Release|Any CPU.Build.0 = Release|Any CPU
		{57569426-9C2B-4338-B2ED-E0C5E0B612A9}.Debug|Any CPU.ActiveCfg = Debug|Any CPU
		{57569426-9C2B-4338-B2ED-E0C5E0B612A9}.Debug|Any CPU.Build.0 = Debug|Any CPU
		{57569426-9C2B-4338-B2ED-E0C5E0B612A9}.Release|Any CPU.ActiveCfg = Release|Any CPU
		{57569426-9C2B-4338-B2ED-E0C5E0B612A9}.Release|Any CPU.Build.0 = Release|Any CPU
	EndGlobalSection
	GlobalSection(NestedProjects) = preSolution
		{57569426-9C2B-4338-B2ED-E0C5E0B612A9} = {7B376269-A3EF-4AE5-8C4F-E64626EBF7F6}
	EndGlobalSection
EndGlobal
